{
  "name": "sheldon",
  "version": "1.0.0",
  "lockfileVersion": 2,
  "requires": true,
  "packages": {
    "": {
      "name": "sheldon",
      "version": "1.0.0",
      "license": "MIT",
      "dependencies": {
        "@retorquere/csl-formatter": "^1.0.7"
      }
    },
    "node_modules/@retorquere/csl-formatter": {
      "version": "1.0.7",
      "resolved": "https://registry.npmjs.org/@retorquere/csl-formatter/-/csl-formatter-1.0.7.tgz",
      "integrity": "sha512-g1RxlXd8/4hcSF5qTYdJKp7SXcDe3yAEiZ0f5k4M/uzktgnIuFfFEUQXAPG+d2Gv7wARpfm34+TluWmMDlYoFg==",
      "dependencies": {
        "@xmldom/xmldom": "^0.8.0"
      },
      "bin": {
        "style-formatter": "bin/style-formatter"
      }
    },
    "node_modules/@xmldom/xmldom": {
      "version": "0.8.0",
      "resolved": "https://registry.npmjs.org/@xmldom/xmldom/-/xmldom-0.8.0.tgz",
      "integrity": "sha512-7wVnF+rKrVDEo1xjzkkidTG0grclaVnX0vKa0z9JSXcEdtftUJjvU33jLGg6SHyvs3eeqEsI7jZ6NxYfRypEEg==",
      "engines": {
        "node": ">=10.0.0"
      }
    }
  },
  "dependencies": {
    "@retorquere/csl-formatter": {
      "version": "1.0.7",
      "resolved": "https://registry.npmjs.org/@retorquere/csl-formatter/-/csl-formatter-1.0.7.tgz",
      "integrity": "sha512-g1RxlXd8/4hcSF5qTYdJKp7SXcDe3yAEiZ0f5k4M/uzktgnIuFfFEUQXAPG+d2Gv7wARpfm34+TluWmMDlYoFg==",
      "requires": {
        "@xmldom/xmldom": "^0.8.0"
      }
    },
    "@xmldom/xmldom": {
      "version": "0.8.0",
      "resolved": "https://registry.npmjs.org/@xmldom/xmldom/-/xmldom-0.8.0.tgz",
      "integrity": "sha512-7wVnF+rKrVDEo1xjzkkidTG0grclaVnX0vKa0z9JSXcEdtftUJjvU33jLGg6SHyvs3eeqEsI7jZ6NxYfRypEEg=="
    }
  }
}
